
Microsoft Visual Studio Solution File, Format Version 12.00
# Visual Studio 15
VisualStudioVersion = 15.0.28307.1000
MinimumVisualStudioVersion = 10.0.40219.1
Project("{FAE04EC0-301F-11D3-BF4B-00C04F79EFBC}") = "PartyCli.NordVpnClient", "PartyCli.NordVpnClient\PartyCli.NordVpnClient.csproj", "{97AD9B79-C149-49B1-9F9D-4B0207E76B43}"
EndProject
Project("{FAE04EC0-301F-11D3-BF4B-00C04F79EFBC}") = "PartyCli.Services", "PartyCli.Services\PartyCli.Services.csproj", "{2F560776-7CBC-4681-B212-3D177C2D73FB}"
EndProject
Project("{FAE04EC0-301F-11D3-BF4B-00C04F79EFBC}") = "PartyCli.Domain", "PartyCli.Domain\PartyCli.Domain.csproj", "{40900C2D-4E78-4709-9C41-BA0717D72E4F}"
EndProject
Project("{FAE04EC0-301F-11D3-BF4B-00C04F79EFBC}") = "PartyCli.App", "PartyCli.app\PartyCli.App.csproj", "{2972A316-CE6F-453C-8359-1AB90BA20D8E}"
EndProject
Project("{FAE04EC0-301F-11D3-BF4B-00C04F79EFBC}") = "PartyCli.Persistence", "PartyCli.Persistence\PartyCli.Persistence.csproj", "{231C846C-6FA9-4047-BAD7-42752AC7B6A2}"
EndProject
Global
	GlobalSection(SolutionConfigurationPlatforms) = preSolution
		Debug|Any CPU = Debug|Any CPU
		Release|Any CPU = Release|Any CPU
	EndGlobalSection
	GlobalSection(ProjectConfigurationPlatforms) = postSolution
		{97AD9B79-C149-49B1-9F9D-4B0207E76B43}.Debug|Any CPU.ActiveCfg = Debug|Any CPU
		{97AD9B79-C149-49B1-9F9D-4B0207E76B43}.Debug|Any CPU.Build.0 = Debug|Any CPU
		{97AD9B79-C149-49B1-9F9D-4B0207E76B43}.Release|Any CPU.ActiveCfg = Release|Any CPU
		{97AD9B79-C149-49B1-9F9D-4B0207E76B43}.Release|Any CPU.Build.0 = Release|Any CPU
		{2F560776-7CBC-4681-B212-3D177C2D73FB}.Debug|Any CPU.ActiveCfg = Debug|Any CPU
		{2F560776-7CBC-4681-B212-3D177C2D73FB}.Debug|Any CPU.Build.0 = Debug|Any CPU
		{2F560776-7CBC-4681-B212-3D177C2D73FB}.Release|Any CPU.ActiveCfg = Release|Any CPU
		{2F560776-7CBC-4681-B212-3D177C2D73FB}.Release|Any CPU.Build.0 = Release|Any CPU
		{40900C2D-4E78-4709-9C41-BA0717D72E4F}.Debug|Any CPU.ActiveCfg = Debug|Any CPU
		{40900C2D-4E78-4709-9C41-BA0717D72E4F}.Debug|Any CPU.Build.0 = Debug|Any CPU
		{40900C2D-4E78-4709-9C41-BA0717D72E4F}.Release|Any CPU.ActiveCfg = Release|Any CPU
		{40900C2D-4E78-4709-9C41-BA0717D72E4F}.Release|Any CPU.Build.0 = Release|Any CPU
		{2972A316-CE6F-453C-8359-1AB90BA20D8E}.Debug|Any CPU.ActiveCfg = Debug|Any CPU
		{2972A316-CE6F-453C-8359-1AB90BA20D8E}.Debug|Any CPU.Build.0 = Debug|Any CPU
		{2972A316-CE6F-453C-8359-1AB90BA20D8E}.Release|Any CPU.ActiveCfg = Release|Any CPU
		{2972A316-CE6F-453C-8359-1AB90BA20D8E}.Release|Any CPU.Build.0 = Release|Any CPU
		{231C846C-6FA9-4047-BAD7-42752AC7B6A2}.Debug|Any CPU.ActiveCfg = Debug|Any CPU
		{231C846C-6FA9-4047-BAD7-42752AC7B6A2}.Debug|Any CPU.Build.0 = Debug|Any CPU
		{231C846C-6FA9-4047-BAD7-42752AC7B6A2}.Release|Any CPU.ActiveCfg = Release|Any CPU
		{231C846C-6FA9-4047-BAD7-42752AC7B6A2}.Release|Any CPU.Build.0 = Release|Any CPU
	EndGlobalSection
	GlobalSection(SolutionProperties) = preSolution
		HideSolutionNode = FALSE
	EndGlobalSection
	GlobalSection(ExtensibilityGlobals) = postSolution
		SolutionGuid = {73338F4E-0A1F-445F-B7B5-291CF8190A23}
	EndGlobalSection
EndGlobal
